
Microsoft Visual Studio Solution File, Format Version 12.00
# Visual Studio Version 17
VisualStudioVersion = 17.11.35219.272
MinimumVisualStudioVersion = 10.0.40219.1
Project("{9A19103F-16F7-4668-BE54-9A1E7A4F7556}") = "LapDay1CSharpAdvanced", "LapDay1CSharpAdvanced\LapDay1CSharpAdvanced.csproj", "{CD7CFA57-CFDB-4D19-AE9A-087851212874}"
EndProject
Project("{9A19103F-16F7-4668-BE54-9A1E7A4F7556}") = "LapDay2CSharpAdvanced", "LapDay2CSharpAdvanced\LapDay2CSharpAdvanced.csproj", "{CD42D879-D182-4A97-BA78-FCF3F0031E1C}"
EndProject
Project("{9A19103F-16F7-4668-BE54-9A1E7A4F7556}") = "LapDay3CSharpAdvanced", "LapDay3CSharpAvanced\LapDay3CSharpAdvanced.csproj", "{8EEA6609-40C8-4418-91ED-16EEFEF6AFA7}"
EndProject
Project("{FAE04EC0-301F-11D3-BF4B-00C04F79EFBC}") = "LapDay4CSharpAdvanced", "LapDay4CSharpAdvanced\LapDay4CSharpAdvanced.csproj", "{9D0F4F56-591B-4945-A37D-B9D72831B200}"
EndProject
Global
	GlobalSection(SolutionConfigurationPlatforms) = preSolution
		Debug|Any CPU = Debug|Any CPU
		Release|Any CPU = Release|Any CPU
	EndGlobalSection
	GlobalSection(ProjectConfigurationPlatforms) = postSolution
		{CD7CFA57-CFDB-4D19-AE9A-087851212874}.Debug|Any CPU.ActiveCfg = Debug|Any CPU
		{CD7CFA57-CFDB-4D19-AE9A-087851212874}.Debug|Any CPU.Build.0 = Debug|Any CPU
		{CD7CFA57-CFDB-4D19-AE9A-087851212874}.Release|Any CPU.ActiveCfg = Release|Any CPU
		{CD7CFA57-CFDB-4D19-AE9A-087851212874}.Release|Any CPU.Build.0 = Release|Any CPU
		{CD42D879-D182-4A97-BA78-FCF3F0031E1C}.Debug|Any CPU.ActiveCfg = Debug|Any CPU
		{CD42D879-D182-4A97-BA78-FCF3F0031E1C}.Debug|Any CPU.Build.0 = Debug|Any CPU
		{CD42D879-D182-4A97-BA78-FCF3F0031E1C}.Release|Any CPU.ActiveCfg = Release|Any CPU
		{CD42D879-D182-4A97-BA78-FCF3F0031E1C}.Release|Any CPU.Build.0 = Release|Any CPU
		{8EEA6609-40C8-4418-91ED-16EEFEF6AFA7}.Debug|Any CPU.ActiveCfg = Debug|Any CPU
		{8EEA6609-40C8-4418-91ED-16EEFEF6AFA7}.Debug|Any CPU.Build.0 = Debug|Any CPU
		{8EEA6609-40C8-4418-91ED-16EEFEF6AFA7}.Release|Any CPU.ActiveCfg = Release|Any CPU
		{8EEA6609-40C8-4418-91ED-16EEFEF6AFA7}.Release|Any CPU.Build.0 = Release|Any CPU
		{9D0F4F56-591B-4945-A37D-B9D72831B200}.Debug|Any CPU.ActiveCfg = Debug|Any CPU
		{9D0F4F56-591B-4945-A37D-B9D72831B200}.Debug|Any CPU.Build.0 = Debug|Any CPU
		{9D0F4F56-591B-4945-A37D-B9D72831B200}.Release|Any CPU.ActiveCfg = Release|Any CPU
		{9D0F4F56-591B-4945-A37D-B9D72831B200}.Release|Any CPU.Build.0 = Release|Any CPU
	EndGlobalSection
	GlobalSection(SolutionProperties) = preSolution
		HideSolutionNode = FALSE
	EndGlobalSection
	GlobalSection(ExtensibilityGlobals) = postSolution
		SolutionGuid = {B07CC3C3-AA46-46AA-BF46-B5E37B162C13}
	EndGlobalSection
EndGlobal
